
Microsoft Visual Studio Solution File, Format Version 12.00
# Visual Studio 15
VisualStudioVersion = 15.0.28010.2003
MinimumVisualStudioVersion = 10.0.40219.1
Project("{FAE04EC0-301F-11D3-BF4B-00C04F79EFBC}") = "Alexa.NET.TestUtility", "Alexa.NET.TestUtility\Alexa.NET.TestUtility.csproj", "{26D0D82E-A95B-4D81-B937-C7BCD8330ADA}"
EndProject
Project("{FAE04EC0-301F-11D3-BF4B-00C04F79EFBC}") = "Alexa.NET.TestUtility.Tests", "Alexa.NET.TestUtility.Tests\Alexa.NET.TestUtility.Tests.csproj", "{519582DB-0567-42EB-B0E1-326A436DA26D}"
EndProject
Global
	GlobalSection(SolutionConfigurationPlatforms) = preSolution
		Debug|Any CPU = Debug|Any CPU
		Release|Any CPU = Release|Any CPU
	EndGlobalSection
	GlobalSection(ProjectConfigurationPlatforms) = postSolution
		{26D0D82E-A95B-4D81-B937-C7BCD8330ADA}.Debug|Any CPU.ActiveCfg = Debug|Any CPU
		{26D0D82E-A95B-4D81-B937-C7BCD8330ADA}.Debug|Any CPU.Build.0 = Debug|Any CPU
		{26D0D82E-A95B-4D81-B937-C7BCD8330ADA}.Release|Any CPU.ActiveCfg = Release|Any CPU
		{26D0D82E-A95B-4D81-B937-C7BCD8330ADA}.Release|Any CPU.Build.0 = Release|Any CPU
		{519582DB-0567-42EB-B0E1-326A436DA26D}.Debug|Any CPU.ActiveCfg = Debug|Any CPU
		{519582DB-0567-42EB-B0E1-326A436DA26D}.Debug|Any CPU.Build.0 = Debug|Any CPU
		{519582DB-0567-42EB-B0E1-326A436DA26D}.Release|Any CPU.ActiveCfg = Release|Any CPU
		{519582DB-0567-42EB-B0E1-326A436DA26D}.Release|Any CPU.Build.0 = Release|Any CPU
	EndGlobalSection
	GlobalSection(SolutionProperties) = preSolution
		HideSolutionNode = FALSE
	EndGlobalSection
	GlobalSection(ExtensibilityGlobals) = postSolution
		SolutionGuid = {3539E2EF-A771-43CE-8EE1-65BC0EA53248}
	EndGlobalSection
EndGlobal
